// !$*UTF8*$!
{
	archiveVersion = 1;
	classes = {
	};
	objectVersion = 46;
	objects = {

/* Begin PBXBuildFile section */
		65C599CA18F35A4500AE202C /* Foundation.framework in Frameworks */ = {isa = PBXBuildFile; fileRef = 65C599C918F35A4500AE202C /* Foundation.framework */; };
		65C599CC18F35A4500AE202C /* CoreGraphics.framework in Frameworks */ = {isa = PBXBuildFile; fileRef = 65C599CB18F35A4500AE202C /* CoreGraphics.framework */; };
		65C599CE18F35A4500AE202C /* UIKit.framework in Frameworks */ = {isa = PBXBuildFile; fileRef = 65C599CD18F35A4500AE202C /* UIKit.framework */; };
		65C599D418F35A4500AE202C /* InfoPlist.strings in Resources */ = {isa = PBXBuildFile; fileRef = 65C599D218F35A4500AE202C /* InfoPlist.strings */; };
		65C599D618F35A4500AE202C /* main.m in Sources */ = {isa = PBXBuildFile; fileRef = 65C599D518F35A4500AE202C /* main.m */; };
		65C599DA18F35A4500AE202C /* CLAppDelegate.m in Sources */ = {isa = PBXBuildFile; fileRef = 65C599D918F35A4500AE202C /* CLAppDelegate.m */; };
		65C599DC18F35A4500AE202C /* Images.xcassets in Resources */ = {isa = PBXBuildFile; fileRef = 65C599DB18F35A4500AE202C /* Images.xcassets */; };
		65C599E318F35A4600AE202C /* XCTest.framework in Frameworks */ = {isa = PBXBuildFile; fileRef = 65C599E218F35A4600AE202C /* XCTest.framework */; };
		65C599E418F35A4600AE202C /* Foundation.framework in Frameworks */ = {isa = PBXBuildFile; fileRef = 65C599C918F35A4500AE202C /* Foundation.framework */; };
		65C599E518F35A4600AE202C /* UIKit.framework in Frameworks */ = {isa = PBXBuildFile; fileRef = 65C599CD18F35A4500AE202C /* UIKit.framework */; };
		65C599ED18F35A4600AE202C /* InfoPlist.strings in Resources */ = {isa = PBXBuildFile; fileRef = 65C599EB18F35A4600AE202C /* InfoPlist.strings */; };
		65C599EF18F35A4600AE202C /* CLPermissionsTests.m in Sources */ = {isa = PBXBuildFile; fileRef = 65C599EE18F35A4600AE202C /* CLPermissionsTests.m */; };
/* End PBXBuildFile section */

/* Begin PBXContainerItemProxy section */
		65C599E618F35A4600AE202C /* PBXContainerItemProxy */ = {
			isa = PBXContainerItemProxy;
			containerPortal = 65C599BE18F35A4500AE202C /* Project object */;
			proxyType = 1;
			remoteGlobalIDString = 65C599C518F35A4500AE202C;
			remoteInfo = CLPermissions;
		};
/* End PBXContainerItemProxy section */

/* Begin PBXFileReference section */
		65C599C618F35A4500AE202C /* CLPermissions.app */ = {isa = PBXFileReference; explicitFileType = wrapper.application; includeInIndex = 0; path = CLPermissions.app; sourceTree = BUILT_PRODUCTS_DIR; };
		65C599C918F35A4500AE202C /* Foundation.framework */ = {isa = PBXFileReference; lastKnownFileType = wrapper.framework; name = Foundation.framework; path = System/Library/Frameworks/Foundation.framework; sourceTree = SDKROOT; };
		65C599CB18F35A4500AE202C /* CoreGraphics.framework */ = {isa = PBXFileReference; lastKnownFileType = wrapper.framework; name = CoreGraphics.framework; path = System/Library/Frameworks/CoreGraphics.framework; sourceTree = SDKROOT; };
		65C599CD18F35A4500AE202C /* UIKit.framework */ = {isa = PBXFileReference; lastKnownFileType = wrapper.framework; name = UIKit.framework; path = System/Library/Frameworks/UIKit.framework; sourceTree = SDKROOT; };
		65C599D118F35A4500AE202C /* CLPermissions-Info.plist */ = {isa = PBXFileReference; lastKnownFileType = text.plist.xml; path = "CLPermissions-Info.plist"; sourceTree = "<group>"; };
		65C599D318F35A4500AE202C /* en */ = {isa = PBXFileReference; lastKnownFileType = text.plist.strings; name = en; path = en.lproj/InfoPlist.strings; sourceTree = "<group>"; };
		65C599D518F35A4500AE202C /* main.m */ = {isa = PBXFileReference; lastKnownFileType = sourcecode.c.objc; path = main.m; sourceTree = "<group>"; };
		65C599D718F35A4500AE202C /* CLPermissions-Prefix.pch */ = {isa = PBXFileReference; lastKnownFileType = sourcecode.c.h; path = "CLPermissions-Prefix.pch"; sourceTree = "<group>"; };
		65C599D818F35A4500AE202C /* CLAppDelegate.h */ = {isa = PBXFileReference; lastKnownFileType = sourcecode.c.h; path = CLAppDelegate.h; sourceTree = "<group>"; };
		65C599D918F35A4500AE202C /* CLAppDelegate.m */ = {isa = PBXFileReference; lastKnownFileType = sourcecode.c.objc; path = CLAppDelegate.m; sourceTree = "<group>"; };
		65C599DB18F35A4500AE202C /* Images.xcassets */ = {isa = PBXFileReference; lastKnownFileType = folder.assetcatalog; path = Images.xcassets; sourceTree = "<group>"; };
		65C599E118F35A4600AE202C /* CLPermissionsTests.xctest */ = {isa = PBXFileReference; explicitFileType = wrapper.cfbundle; includeInIndex = 0; path = CLPermissionsTests.xctest; sourceTree = BUILT_PRODUCTS_DIR; };
		65C599E218F35A4600AE202C /* XCTest.framework */ = {isa = PBXFileReference; lastKnownFileType = wrapper.framework; name = XCTest.framework; path = Library/Frameworks/XCTest.framework; sourceTree = DEVELOPER_DIR; };
		65C599EA18F35A4600AE202C /* CLPermissionsTests-Info.plist */ = {isa = PBXFileReference; lastKnownFileType = text.plist.xml; path = "CLPermissionsTests-Info.plist"; sourceTree = "<group>"; };
		65C599EC18F35A4600AE202C /* en */ = {isa = PBXFileReference; lastKnownFileType = text.plist.strings; name = en; path = en.lproj/InfoPlist.strings; sourceTree = "<group>"; };
		65C599EE18F35A4600AE202C /* CLPermissionsTests.m */ = {isa = PBXFileReference; lastKnownFileType = sourcecode.c.objc; path = CLPermissionsTests.m; sourceTree = "<group>"; };
/* End PBXFileReference section */

/* Begin PBXFrameworksBuildPhase section */
		65C599C318F35A4500AE202C /* Frameworks */ = {
			isa = PBXFrameworksBuildPhase;
			buildActionMask = 2147483647;
			files = (
				65C599CC18F35A4500AE202C /* CoreGraphics.framework in Frameworks */,
				65C599CE18F35A4500AE202C /* UIKit.framework in Frameworks */,
				65C599CA18F35A4500AE202C /* Foundation.framework in Frameworks */,
			);
			runOnlyForDeploymentPostprocessing = 0;
		};
		65C599DE18F35A4600AE202C /* Frameworks */ = {
			isa = PBXFrameworksBuildPhase;
			buildActionMask = 2147483647;
			files = (
				65C599E318F35A4600AE202C /* XCTest.framework in Frameworks */,
				65C599E518F35A4600AE202C /* UIKit.framework in Frameworks */,
				65C599E418F35A4600AE202C /* Foundation.framework in Frameworks */,
			);
			runOnlyForDeploymentPostprocessing = 0;
		};
/* End PBXFrameworksBuildPhase section */

/* Begin PBXGroup section */
		65C599BD18F35A4500AE202C = {
			isa = PBXGroup;
			children = (
				65C599CF18F35A4500AE202C /* CLPermissions */,
				65C599E818F35A4600AE202C /* CLPermissionsTests */,
				65C599C818F35A4500AE202C /* Frameworks */,
				65C599C718F35A4500AE202C /* Products */,
			);
			sourceTree = "<group>";
		};
		65C599C718F35A4500AE202C /* Products */ = {
			isa = PBXGroup;
			children = (
				65C599C618F35A4500AE202C /* CLPermissions.app */,
				65C599E118F35A4600AE202C /* CLPermissionsTests.xctest */,
			);
			name = Products;
			sourceTree = "<group>";
		};
		65C599C818F35A4500AE202C /* Frameworks */ = {
			isa = PBXGroup;
			children = (
				65C599C918F35A4500AE202C /* Foundation.framework */,
				65C599CB18F35A4500AE202C /* CoreGraphics.framework */,
				65C599CD18F35A4500AE202C /* UIKit.framework */,
				65C599E218F35A4600AE202C /* XCTest.framework */,
			);
			name = Frameworks;
			sourceTree = "<group>";
		};
		65C599CF18F35A4500AE202C /* CLPermissions */ = {
			isa = PBXGroup;
			children = (
				65C599D818F35A4500AE202C /* CLAppDelegate.h */,
				65C599D918F35A4500AE202C /* CLAppDelegate.m */,
				65C599DB18F35A4500AE202C /* Images.xcassets */,
				65C599D018F35A4500AE202C /* Supporting Files */,
			);
			path = CLPermissions;
			sourceTree = "<group>";
		};
		65C599D018F35A4500AE202C /* Supporting Files */ = {
			isa = PBXGroup;
			children = (
				65C599D118F35A4500AE202C /* CLPermissions-Info.plist */,
				65C599D218F35A4500AE202C /* InfoPlist.strings */,
				65C599D518F35A4500AE202C /* main.m */,
				65C599D718F35A4500AE202C /* CLPermissions-Prefix.pch */,
			);
			name = "Supporting Files";
			sourceTree = "<group>";
		};
		65C599E818F35A4600AE202C /* CLPermissionsTests */ = {
			isa = PBXGroup;
			children = (
				65C599EE18F35A4600AE202C /* CLPermissionsTests.m */,
				65C599E918F35A4600AE202C /* Supporting Files */,
			);
			path = CLPermissionsTests;
			sourceTree = "<group>";
		};
		65C599E918F35A4600AE202C /* Supporting Files */ = {
			isa = PBXGroup;
			children = (
				65C599EA18F35A4600AE202C /* CLPermissionsTests-Info.plist */,
				65C599EB18F35A4600AE202C /* InfoPlist.strings */,
			);
			name = "Supporting Files";
			sourceTree = "<group>";
		};
/* End PBXGroup section */

/* Begin PBXNativeTarget section */
		65C599C518F35A4500AE202C /* CLPermissions */ = {
			isa = PBXNativeTarget;
			buildConfigurationList = 65C599F218F35A4600AE202C /* Build configuration list for PBXNativeTarget "CLPermissions" */;
			buildPhases = (
				65C599C218F35A4500AE202C /* Sources */,
				65C599C318F35A4500AE202C /* Frameworks */,
				65C599C418F35A4500AE202C /* Resources */,
			);
			buildRules = (
			);
			dependencies = (
			);
			name = CLPermissions;
			productName = CLPermissions;
			productReference = 65C599C618F35A4500AE202C /* CLPermissions.app */;
			productType = "com.apple.product-type.application";
		};
		65C599E018F35A4600AE202C /* CLPermissionsTests */ = {
			isa = PBXNativeTarget;
			buildConfigurationList = 65C599F518F35A4600AE202C /* Build configuration list for PBXNativeTarget "CLPermissionsTests" */;
			buildPhases = (
				65C599DD18F35A4600AE202C /* Sources */,
				65C599DE18F35A4600AE202C /* Frameworks */,
				65C599DF18F35A4600AE202C /* Resources */,
			);
			buildRules = (
			);
			dependencies = (
				65C599E718F35A4600AE202C /* PBXTargetDependency */,
			);
			name = CLPermissionsTests;
			productName = CLPermissionsTests;
			productReference = 65C599E118F35A4600AE202C /* CLPermissionsTests.xctest */;
			productType = "com.apple.product-type.bundle.unit-test";
		};
/* End PBXNativeTarget section */

/* Begin PBXProject section */
		65C599BE18F35A4500AE202C /* Project object */ = {
			isa = PBXProject;
			attributes = {
				CLASSPREFIX = CL;
				LastUpgradeCheck = 0510;
				ORGANIZATIONNAME = "Cluster Labs, Inc.";
				TargetAttributes = {
					65C599E018F35A4600AE202C = {
						TestTargetID = 65C599C518F35A4500AE202C;
					};
				};
			};
			buildConfigurationList = 65C599C118F35A4500AE202C /* Build configuration list for PBXProject "CLPermissions" */;
			compatibilityVersion = "Xcode 3.2";
			developmentRegion = English;
			hasScannedForEncodings = 0;
			knownRegions = (
				en,
			);
			mainGroup = 65C599BD18F35A4500AE202C;
			productRefGroup = 65C599C718F35A4500AE202C /* Products */;
			projectDirPath = "";
			projectRoot = "";
			targets = (
				65C599C518F35A4500AE202C /* CLPermissions */,
				65C599E018F35A4600AE202C /* CLPermissionsTests */,
			);
		};
/* End PBXProject section */

/* Begin PBXResourcesBuildPhase section */
		65C599C418F35A4500AE202C /* Resources */ = {
			isa = PBXResourcesBuildPhase;
			buildActionMask = 2147483647;
			files = (
				65C599D418F35A4500AE202C /* InfoPlist.strings in Resources */,
				65C599DC18F35A4500AE202C /* Images.xcassets in Resources */,
			);
			runOnlyForDeploymentPostprocessing = 0;
		};
		65C599DF18F35A4600AE202C /* Resources */ = {
			isa = PBXResourcesBuildPhase;
			buildActionMask = 2147483647;
			files = (
				65C599ED18F35A4600AE202C /* InfoPlist.strings in Resources */,
			);
			runOnlyForDeploymentPostprocessing = 0;
		};
/* End PBXResourcesBuildPhase section */

/* Begin PBXSourcesBuildPhase section */
		65C599C218F35A4500AE202C /* Sources */ = {
			isa = PBXSourcesBuildPhase;
			buildActionMask = 2147483647;
			files = (
				65C599D618F35A4500AE202C /* main.m in Sources */,
				65C599DA18F35A4500AE202C /* CLAppDelegate.m in Sources */,
			);
			runOnlyForDeploymentPostprocessing = 0;
		};
		65C599DD18F35A4600AE202C /* Sources */ = {
			isa = PBXSourcesBuildPhase;
			buildActionMask = 2147483647;
			files = (
				65C599EF18F35A4600AE202C /* CLPermissionsTests.m in Sources */,
			);
			runOnlyForDeploymentPostprocessing = 0;
		};
/* End PBXSourcesBuildPhase section */

/* Begin PBXTargetDependency section */
		65C599E718F35A4600AE202C /* PBXTargetDependency */ = {
			isa = PBXTargetDependency;
			target = 65C599C518F35A4500AE202C /* CLPermissions */;
			targetProxy = 65C599E618F35A4600AE202C /* PBXContainerItemProxy */;
		};
/* End PBXTargetDependency section */

/* Begin PBXVariantGroup section */
		65C599D218F35A4500AE202C /* InfoPlist.strings */ = {
			isa = PBXVariantGroup;
			children = (
				65C599D318F35A4500AE202C /* en */,
			);
			name = InfoPlist.strings;
			sourceTree = "<group>";
		};
		65C599EB18F35A4600AE202C /* InfoPlist.strings */ = {
			isa = PBXVariantGroup;
			children = (
				65C599EC18F35A4600AE202C /* en */,
			);
			name = InfoPlist.strings;
			sourceTree = "<group>";
		};
/* End PBXVariantGroup section */

/* Begin XCBuildConfiguration section */
		65C599F018F35A4600AE202C /* Debug */ = {
			isa = XCBuildConfiguration;
			buildSettings = {
				ALWAYS_SEARCH_USER_PATHS = NO;
				CLANG_CXX_LANGUAGE_STANDARD = "gnu++0x";
				CLANG_CXX_LIBRARY = "libc++";
				CLANG_ENABLE_MODULES = YES;
				CLANG_ENABLE_OBJC_ARC = YES;
				CLANG_WARN_BOOL_CONVERSION = YES;
				CLANG_WARN_CONSTANT_CONVERSION = YES;
				CLANG_WARN_DIRECT_OBJC_ISA_USAGE = YES_ERROR;
				CLANG_WARN_EMPTY_BODY = YES;
				CLANG_WARN_ENUM_CONVERSION = YES;
				CLANG_WARN_INT_CONVERSION = YES;
				CLANG_WARN_OBJC_ROOT_CLASS = YES_ERROR;
				CLANG_WARN__DUPLICATE_METHOD_MATCH = YES;
				"CODE_SIGN_IDENTITY[sdk=iphoneos*]" = "iPhone Developer";
				COPY_PHASE_STRIP = NO;
				GCC_C_LANGUAGE_STANDARD = gnu99;
				GCC_DYNAMIC_NO_PIC = NO;
				GCC_OPTIMIZATION_LEVEL = 0;
				GCC_PREPROCESSOR_DEFINITIONS = (
					"DEBUG=1",
					"$(inherited)",
				);
				GCC_SYMBOLS_PRIVATE_EXTERN = NO;
				GCC_WARN_64_TO_32_BIT_CONVERSION = YES;
				GCC_WARN_ABOUT_RETURN_TYPE = YES_ERROR;
				GCC_WARN_UNDECLARED_SELECTOR = YES;
				GCC_WARN_UNINITIALIZED_AUTOS = YES_AGGRESSIVE;
				GCC_WARN_UNUSED_FUNCTION = YES;
				GCC_WARN_UNUSED_VARIABLE = YES;
				IPHONEOS_DEPLOYMENT_TARGET = 7.1;
				ONLY_ACTIVE_ARCH = YES;
				SDKROOT = iphoneos;
			};
			name = Debug;
		};
		65C599F118F35A4600AE202C /* Release */ = {
			isa = XCBuildConfiguration;
			buildSettings = {
				ALWAYS_SEARCH_USER_PATHS = NO;
				CLANG_CXX_LANGUAGE_STANDARD = "gnu++0x";
				CLANG_CXX_LIBRARY = "libc++";
				CLANG_ENABLE_MODULES = YES;
				CLANG_ENABLE_OBJC_ARC = YES;
				CLANG_WARN_BOOL_CONVERSION = YES;
				CLANG_WARN_CONSTANT_CONVERSION = YES;
				CLANG_WARN_DIRECT_OBJC_ISA_USAGE = YES_ERROR;
				CLANG_WARN_EMPTY_BODY = YES;
				CLANG_WARN_ENUM_CONVERSION = YES;
				CLANG_WARN_INT_CONVERSION = YES;
				CLANG_WARN_OBJC_ROOT_CLASS = YES_ERROR;
				CLANG_WARN__DUPLICATE_METHOD_MATCH = YES;
				"CODE_SIGN_IDENTITY[sdk=iphoneos*]" = "iPhone Developer";
				COPY_PHASE_STRIP = YES;
				ENABLE_NS_ASSERTIONS = NO;
				GCC_C_LANGUAGE_STANDARD = gnu99;
				GCC_WARN_64_TO_32_BIT_CONVERSION = YES;
				GCC_WARN_ABOUT_RETURN_TYPE = YES_ERROR;
				GCC_WARN_UNDECLARED_SELECTOR = YES;
				GCC_WARN_UNINITIALIZED_AUTOS = YES_AGGRESSIVE;
				GCC_WARN_UNUSED_FUNCTION = YES;
				GCC_WARN_UNUSED_VARIABLE = YES;
				IPHONEOS_DEPLOYMENT_TARGET = 7.1;
				SDKROOT = iphoneos;
				VALIDATE_PRODUCT = YES;
			};
			name = Release;
		};
		65C599F318F35A4600AE202C /* Debug */ = {
			isa = XCBuildConfiguration;
			buildSettings = {
				ASSETCATALOG_COMPILER_APPICON_NAME = AppIcon;
				ASSETCATALOG_COMPILER_LAUNCHIMAGE_NAME = LaunchImage;
				GCC_PRECOMPILE_PREFIX_HEADER = YES;
				GCC_PREFIX_HEADER = "CLPermissions/CLPermissions-Prefix.pch";
				INFOPLIST_FILE = "CLPermissions/CLPermissions-Info.plist";
				PRODUCT_NAME = "$(TARGET_NAME)";
				WRAPPER_EXTENSION = app;
			};
			name = Debug;
		};
		65C599F418F35A4600AE202C /* Release */ = {
			isa = XCBuildConfiguration;
			buildSettings = {
				ASSETCATALOG_COMPILER_APPICON_NAME = AppIcon;
				ASSETCATALOG_COMPILER_LAUNCHIMAGE_NAME = LaunchImage;
				GCC_PRECOMPILE_PREFIX_HEADER = YES;
				GCC_PREFIX_HEADER = "CLPermissions/CLPermissions-Prefix.pch";
				INFOPLIST_FILE = "CLPermissions/CLPermissions-Info.plist";
				PRODUCT_NAME = "$(TARGET_NAME)";
				WRAPPER_EXTENSION = app;
			};
			name = Release;
		};
		65C599F618F35A4600AE202C /* Debug */ = {
			isa = XCBuildConfiguration;
			buildSettings = {
				BUNDLE_LOADER = "$(BUILT_PRODUCTS_DIR)/CLPermissions.app/CLPermissions";
				FRAMEWORK_SEARCH_PATHS = (
					"$(SDKROOT)/Developer/Library/Frameworks",
					"$(inherited)",
					"$(DEVELOPER_FRAMEWORKS_DIR)",
				);
				GCC_PRECOMPILE_PREFIX_HEADER = YES;
				GCC_PREFIX_HEADER = "CLPermissions/CLPermissions-Prefix.pch";
				GCC_PREPROCESSOR_DEFINITIONS = (
					"DEBUG=1",
					"$(inherited)",
				);
				INFOPLIST_FILE = "CLPermissionsTests/CLPermissionsTests-Info.plist";
				PRODUCT_NAME = "$(TARGET_NAME)";
				TEST_HOST = "$(BUNDLE_LOADER)";
				WRAPPER_EXTENSION = xctest;
			};
			name = Debug;
		};
		65C599F718F35A4600AE202C /* Release */ = {
			isa = XCBuildConfiguration;
			buildSettings = {
				BUNDLE_LOADER = "$(BUILT_PRODUCTS_DIR)/CLPermissions.app/CLPermissions";
				FRAMEWORK_SEARCH_PATHS = (
					"$(SDKROOT)/Developer/Library/Frameworks",
					"$(inherited)",
					"$(DEVELOPER_FRAMEWORKS_DIR)",
				);
				GCC_PRECOMPILE_PREFIX_HEADER = YES;
				GCC_PREFIX_HEADER = "CLPermissions/CLPermissions-Prefix.pch";
				INFOPLIST_FILE = "CLPermissionsTests/CLPermissionsTests-Info.plist";
				PRODUCT_NAME = "$(TARGET_NAME)";
				TEST_HOST = "$(BUNDLE_LOADER)";
				WRAPPER_EXTENSION = xctest;
			};
			name = Release;
		};
/* End XCBuildConfiguration section */

/* Begin XCConfigurationList section */
		65C599C118F35A4500AE202C /* Build configuration list for PBXProject "CLPermissions" */ = {
			isa = XCConfigurationList;
			buildConfigurations = (
				65C599F018F35A4600AE202C /* Debug */,
				65C599F118F35A4600AE202C /* Release */,
			);
			defaultConfigurationIsVisible = 0;
			defaultConfigurationName = Release;
		};
		65C599F218F35A4600AE202C /* Build configuration list for PBXNativeTarget "CLPermissions" */ = {
			isa = XCConfigurationList;
			buildConfigurations = (
				65C599F318F35A4600AE202C /* Debug */,
				65C599F418F35A4600AE202C /* Release */,
			);
			defaultConfigurationIsVisible = 0;
		};
		65C599F518F35A4600AE202C /* Build configuration list for PBXNativeTarget "CLPermissionsTests" */ = {
			isa = XCConfigurationList;
			buildConfigurations = (
				65C599F618F35A4600AE202C /* Debug */,
				65C599F718F35A4600AE202C /* Release */,
			);
			defaultConfigurationIsVisible = 0;
		};
/* End XCConfigurationList section */
	};
	rootObject = 65C599BE18F35A4500AE202C /* Project object */;
}
